
Microsoft Visual Studio Solution File, Format Version 12.00
# Visual Studio Version 17
VisualStudioVersion = 17.6.33712.159
MinimumVisualStudioVersion = 10.0.40219.1
Project("{9A19103F-16F7-4668-BE54-9A1E7A4F7556}") = "uwp back", "uwp back.csproj", "{4F522342-FD0E-48BF-BEC0-FB704BDF8F0C}"
EndProject
Global
	GlobalSection(SolutionConfigurationPlatforms) = preSolution
		Debug|Any CPU = Debug|Any CPU
		Release|Any CPU = Release|Any CPU
	EndGlobalSection
	GlobalSection(ProjectConfigurationPlatforms) = postSolution
		{4F522342-FD0E-48BF-BEC0-FB704BDF8F0C}.Debug|Any CPU.ActiveCfg = Debug|Any CPU
		{4F522342-FD0E-48BF-BEC0-FB704BDF8F0C}.Debug|Any CPU.Build.0 = Debug|Any CPU
		{4F522342-FD0E-48BF-BEC0-FB704BDF8F0C}.Release|Any CPU.ActiveCfg = Release|Any CPU
		{4F522342-FD0E-48BF-BEC0-FB704BDF8F0C}.Release|Any CPU.Build.0 = Release|Any CPU
		{29A29514-08E0-483A-B1DE-059DE6C87315}.Debug|Any CPU.ActiveCfg = Debug|Any CPU
		{29A29514-08E0-483A-B1DE-059DE6C87315}.Debug|Any CPU.Build.0 = Debug|Any CPU
		{29A29514-08E0-483A-B1DE-059DE6C87315}.Debug|Any CPU.Deploy.0 = Debug|Any CPU
		{29A29514-08E0-483A-B1DE-059DE6C87315}.Release|Any CPU.ActiveCfg = Release|Any CPU
		{29A29514-08E0-483A-B1DE-059DE6C87315}.Release|Any CPU.Build.0 = Release|Any CPU
		{29A29514-08E0-483A-B1DE-059DE6C87315}.Release|Any CPU.Deploy.0 = Release|Any CPU
	EndGlobalSection
	GlobalSection(SolutionProperties) = preSolution
		HideSolutionNode = FALSE
	EndGlobalSection
	GlobalSection(ExtensibilityGlobals) = postSolution
		SolutionGuid = {EF18C2EB-CAE5-4FE7-A3D2-2A3C12F38B01}
	EndGlobalSection
EndGlobal
